{
  "name": "fedockerjs",
  "version": "1.0.3",
  "lockfileVersion": 1,
  "requires": true,
  "dependencies": {
    "@types/blue-tape": {
      "version": "0.1.33",
      "resolved": "https://registry.npmjs.org/@types/blue-tape/-/blue-tape-0.1.33.tgz",
      "integrity": "sha512-l5cQcLM3aPh55bBQ4geWQ8hZ4Ew+s4RvyhMaBpgW3aJ2HUfRgwd8ENKrk/utC4Hz1dJAiehyIa4vN6emxBMaog==",
      "requires": {
        "@types/node": "*",
        "@types/tape": "*"
      }
    },
    "@types/lodash": {
      "version": "4.14.119",
      "resolved": "https://registry.npmjs.org/@types/lodash/-/lodash-4.14.119.tgz",
      "integrity": "sha512-Z3TNyBL8Vd/M9D9Ms2S3LmFq2sSMzahodD6rCS9V2N44HUMINb75jNkSuwAx7eo2ufqTdfOdtGQpNbieUjPQmw=="
    },
    "@types/node": {
      "version": "16.4.13",
      "resolved": "https://registry.npmjs.org/@types/node/-/node-16.4.13.tgz",
      "integrity": "sha512-bLL69sKtd25w7p1nvg9pigE4gtKVpGTPojBFLMkGHXuUgap2sLqQt2qUnqmVCDfzGUL0DRNZP+1prIZJbMeAXg=="
    },
    "@types/tape": {
      "version": "4.13.2",
      "resolved": "https://registry.npmjs.org/@types/tape/-/tape-4.13.2.tgz",
      "integrity": "sha512-V1ez/RtYRGN9cNYApw5xf27DpMkTB0033X6a2i3KUmKhSojBfbWN0i3EgZxboUG96WJLHLdOyZ01aiZwVW5aSA==",
      "requires": {
        "@types/node": "*"
      }
    },
    "cli-table-2-json": {
      "version": "1.0.13",
      "resolved": "https://registry.npmjs.org/cli-table-2-json/-/cli-table-2-json-1.0.13.tgz",
      "integrity": "sha512-CpUj9dubfuIZSEezwUPycAJqM2dlATyyRUyBkfGeK2KNfrqK3XrdaBohMt0XlkEvsZyDfUEmPWCNvUO+a/7Wsw==",
      "requires": {
        "@types/blue-tape": "^0.1.30",
        "@types/lodash": "4.14.119",
        "lodash": "^4.17.15"
      }
    },
    "docker-cli-js": {
      "version": "2.8.0",
      "resolved": "https://registry.npmjs.org/docker-cli-js/-/docker-cli-js-2.8.0.tgz",
      "integrity": "sha512-Bpk8SivY4PIfmoLKtXWUXg7eeIRcEPK0QbyU8cYqZf8t6TU7k/BNd5rdWLlGvjxf3PFjVynL4OllReJbDDun7g==",
      "requires": {
        "cli-table-2-json": "1.0.13",
        "dockermachine-cli-js": "3.0.5",
        "lodash.snakecase": "^4.1.1",
        "nodeify-ts": "1.0.6"
      }
    },
    "dockermachine-cli-js": {
      "version": "3.0.5",
      "resolved": "https://registry.npmjs.org/dockermachine-cli-js/-/dockermachine-cli-js-3.0.5.tgz",
      "integrity": "sha512-oV9RRKGvWrvsGl8JW9TWKpjBJVGxn/1qMvhqwPJiOPfRES0+lrq/Q8Wzixb6qinuXPVBhlWqhXb/Oxrh6Vuf/g==",
      "requires": {
        "cli-table-2-json": "1.0.13",
        "nodeify-ts": "1.0.6"
      }
    },
    "lodash": {
      "version": "4.17.21",
      "resolved": "https://registry.npmjs.org/lodash/-/lodash-4.17.21.tgz",
      "integrity": "sha512-v2kDEe57lecTulaDIuNTPy3Ry4gLGJ6Z1O3vE1krgXZNrsQ+LFTGHVxVjcXPs17LhbZVGedAJv8XZ1tvj5FvSg=="
    },
    "lodash.snakecase": {
      "version": "4.1.1",
      "resolved": "https://registry.npmjs.org/lodash.snakecase/-/lodash.snakecase-4.1.1.tgz",
      "integrity": "sha1-OdcUo1NXFHg3rv1ktdy7Fr7Nj40="
    },
    "nodeify-ts": {
      "version": "1.0.6",
      "resolved": "https://registry.npmjs.org/nodeify-ts/-/nodeify-ts-1.0.6.tgz",
      "integrity": "sha512-jq+8sqVG1aLqy5maMTceL8NUJ1CvarWztlxvrYh3G0aao9BsVeoVmVedUnrUSBLetP7oLIAJrPrw4+iIo7v3GA=="
    }
  }
}
